
Microsoft Visual Studio Solution File, Format Version 12.00
# Visual Studio Version 17
VisualStudioVersion = 17.8.34309.116
MinimumVisualStudioVersion = 10.0.40219.1
Project("{FAE04EC0-301F-11D3-BF4B-00C04F79EFBC}") = "HeartHealthCheck_Backend_API", "HeartHealthCheck_Backend_API\HeartHealthCheck_Backend_API.csproj", "{17B3986C-369D-4FDB-999D-38A5DCE3E582}"
EndProject
Global
	GlobalSection(SolutionConfigurationPlatforms) = preSolution
		Debug|Any CPU = Debug|Any CPU
		Release|Any CPU = Release|Any CPU
	EndGlobalSection
	GlobalSection(ProjectConfigurationPlatforms) = postSolution
		{17B3986C-369D-4FDB-999D-38A5DCE3E582}.Debug|Any CPU.ActiveCfg = Debug|Any CPU
		{17B3986C-369D-4FDB-999D-38A5DCE3E582}.Debug|Any CPU.Build.0 = Debug|Any CPU
		{17B3986C-369D-4FDB-999D-38A5DCE3E582}.Release|Any CPU.ActiveCfg = Release|Any CPU
		{17B3986C-369D-4FDB-999D-38A5DCE3E582}.Release|Any CPU.Build.0 = Release|Any CPU
	EndGlobalSection
	GlobalSection(SolutionProperties) = preSolution
		HideSolutionNode = FALSE
	EndGlobalSection
	GlobalSection(ExtensibilityGlobals) = postSolution
		SolutionGuid = {0DA40C88-EACF-4BF1-BBEE-19C3D9133D30}
	EndGlobalSection
EndGlobal
