
Microsoft Visual Studio Solution File, Format Version 12.00
# Visual Studio Version 17
VisualStudioVersion = 17.8.34322.80
MinimumVisualStudioVersion = 10.0.40219.1
Project("{FAE04EC0-301F-11D3-BF4B-00C04F79EFBC}") = "Get_Model_Prediction", "Get_Model_Prediction.csproj", "{8D750BE1-2203-45EB-B1FE-7F75239E517F}"
EndProject
Global
	GlobalSection(SolutionConfigurationPlatforms) = preSolution
		Debug|Any CPU = Debug|Any CPU
		Release|Any CPU = Release|Any CPU
	EndGlobalSection
	GlobalSection(ProjectConfigurationPlatforms) = postSolution
		{8D750BE1-2203-45EB-B1FE-7F75239E517F}.Debug|Any CPU.ActiveCfg = Debug|Any CPU
		{8D750BE1-2203-45EB-B1FE-7F75239E517F}.Debug|Any CPU.Build.0 = Debug|Any CPU
		{8D750BE1-2203-45EB-B1FE-7F75239E517F}.Release|Any CPU.ActiveCfg = Release|Any CPU
		{8D750BE1-2203-45EB-B1FE-7F75239E517F}.Release|Any CPU.Build.0 = Release|Any CPU
	EndGlobalSection
	GlobalSection(SolutionProperties) = preSolution
		HideSolutionNode = FALSE
	EndGlobalSection
	GlobalSection(ExtensibilityGlobals) = postSolution
		SolutionGuid = {4F8987E0-B407-4903-AAEB-8CD61C30484A}
	EndGlobalSection
EndGlobal
